
Microsoft Visual Studio Solution File, Format Version 11.00
# Visual Studio 2010
Project("{FAE04EC0-301F-11D3-BF4B-00C04F79EFBC}") = "Whois.Console", "Whois.Console\Whois.Console.csproj", "{611C1679-3605-49A6-902F-DEBFBBC9E0A4}"
EndProject
Project("{FAE04EC0-301F-11D3-BF4B-00C04F79EFBC}") = "Whois.Tests", "Whois.Tests\Whois.Tests.csproj", "{4A7B8356-8CF9-44A7-A1C1-F8A71E566AA7}"
EndProject
Global
	GlobalSection(SolutionConfigurationPlatforms) = preSolution
		Debug|Any CPU = Debug|Any CPU
		Release|Any CPU = Release|Any CPU
	EndGlobalSection
	GlobalSection(ProjectConfigurationPlatforms) = postSolution
		{611C1679-3605-49A6-902F-DEBFBBC9E0A4}.Debug|Any CPU.ActiveCfg = Debug|Any CPU
		{611C1679-3605-49A6-902F-DEBFBBC9E0A4}.Debug|Any CPU.Build.0 = Debug|Any CPU
		{611C1679-3605-49A6-902F-DEBFBBC9E0A4}.Release|Any CPU.ActiveCfg = Release|Any CPU
		{611C1679-3605-49A6-902F-DEBFBBC9E0A4}.Release|Any CPU.Build.0 = Release|Any CPU
		{4A7B8356-8CF9-44A7-A1C1-F8A71E566AA7}.Debug|Any CPU.ActiveCfg = Debug|Any CPU
		{4A7B8356-8CF9-44A7-A1C1-F8A71E566AA7}.Debug|Any CPU.Build.0 = Debug|Any CPU
		{4A7B8356-8CF9-44A7-A1C1-F8A71E566AA7}.Release|Any CPU.ActiveCfg = Release|Any CPU
		{4A7B8356-8CF9-44A7-A1C1-F8A71E566AA7}.Release|Any CPU.Build.0 = Release|Any CPU
	EndGlobalSection
	GlobalSection(SolutionProperties) = preSolution
		HideSolutionNode = FALSE
	EndGlobalSection
EndGlobal
